
Microsoft Visual Studio Solution File, Format Version 12.00
# Visual Studio 15
VisualStudioVersion = 15.0.27130.2024
MinimumVisualStudioVersion = 10.0.40219.1
Project("{FAE04EC0-301F-11D3-BF4B-00C04F79EFBC}") = "Prioritize", "Prioritize\Prioritize.csproj", "{31FB2C92-6E8C-49BE-9544-154CD119E4FF}"
EndProject
Global
	GlobalSection(SolutionConfigurationPlatforms) = preSolution
		Debug|Any CPU = Debug|Any CPU
		Release|Any CPU = Release|Any CPU
	EndGlobalSection
	GlobalSection(ProjectConfigurationPlatforms) = postSolution
		{31FB2C92-6E8C-49BE-9544-154CD119E4FF}.Debug|Any CPU.ActiveCfg = Debug|Any CPU
		{31FB2C92-6E8C-49BE-9544-154CD119E4FF}.Debug|Any CPU.Build.0 = Debug|Any CPU
		{31FB2C92-6E8C-49BE-9544-154CD119E4FF}.Release|Any CPU.ActiveCfg = Release|Any CPU
		{31FB2C92-6E8C-49BE-9544-154CD119E4FF}.Release|Any CPU.Build.0 = Release|Any CPU
	EndGlobalSection
	GlobalSection(SolutionProperties) = preSolution
		HideSolutionNode = FALSE
	EndGlobalSection
	GlobalSection(ExtensibilityGlobals) = postSolution
		SolutionGuid = {5E1AEE68-A22C-4461-BAC3-B386079E11C7}
	EndGlobalSection
EndGlobal
